PODS:
  - Alamofire (4.8.1)
  - Swinject (2.5.0)

DEPENDENCIES:
  - Alamofire (~> 4.8)
  - Swinject (~> 2.5)

SPEC REPOS:
  https://github.com/cocoapods/specs.git:
    - Alamofire
    - Swinject

SPEC CHECKSUMS:
  Alamofire: 16ce2c353fb72865124ddae8a57c5942388f4f11
  Swinject: 82cdb851f63f91bba974e3eca1d69780f2f7677e

PODFILE CHECKSUM: c7af8b55d83d3367e4febf244f6dd6e56b33dbbd

COCOAPODS: 1.5.3
